
Microsoft Visual Studio Solution File, Format Version 12.00
# Visual Studio Version 16
VisualStudioVersion = 16.0.29709.97
MinimumVisualStudioVersion = 10.0.40219.1
Project("{FAE04EC0-301F-11D3-BF4B-00C04F79EFBC}") = "RossMcGlinchey_S00211744", "RossMcGlinchey_S00211744\RossMcGlinchey_S00211744.csproj", "{0F0B2736-9E9D-4852-9419-54A83574B63E}"
EndProject
Project("{9A19103F-16F7-4668-BE54-9A1E7A4F7556}") = "UnitTestProject1", "UnitTestProject1\UnitTestProject1.csproj", "{4F1C5562-FE2E-4F2E-A484-7C18FD68E835}"
EndProject
Project("{FAE04EC0-301F-11D3-BF4B-00C04F79EFBC}") = "DataManagement", "DataManagement\DataManagement.csproj", "{94B8A073-784F-4F7C-B2A7-ACF65540254B}"
EndProject
Global
	GlobalSection(SolutionConfigurationPlatforms) = preSolution
		Debug|Any CPU = Debug|Any CPU
		Release|Any CPU = Release|Any CPU
	EndGlobalSection
	GlobalSection(ProjectConfigurationPlatforms) = postSolution
		{0F0B2736-9E9D-4852-9419-54A83574B63E}.Debug|Any CPU.ActiveCfg = Debug|Any CPU
		{0F0B2736-9E9D-4852-9419-54A83574B63E}.Debug|Any CPU.Build.0 = Debug|Any CPU
		{0F0B2736-9E9D-4852-9419-54A83574B63E}.Release|Any CPU.ActiveCfg = Release|Any CPU
		{0F0B2736-9E9D-4852-9419-54A83574B63E}.Release|Any CPU.Build.0 = Release|Any CPU
		{4F1C5562-FE2E-4F2E-A484-7C18FD68E835}.Debug|Any CPU.ActiveCfg = Debug|Any CPU
		{4F1C5562-FE2E-4F2E-A484-7C18FD68E835}.Debug|Any CPU.Build.0 = Debug|Any CPU
		{4F1C5562-FE2E-4F2E-A484-7C18FD68E835}.Release|Any CPU.ActiveCfg = Release|Any CPU
		{4F1C5562-FE2E-4F2E-A484-7C18FD68E835}.Release|Any CPU.Build.0 = Release|Any CPU
		{94B8A073-784F-4F7C-B2A7-ACF65540254B}.Debug|Any CPU.ActiveCfg = Debug|Any CPU
		{94B8A073-784F-4F7C-B2A7-ACF65540254B}.Debug|Any CPU.Build.0 = Debug|Any CPU
		{94B8A073-784F-4F7C-B2A7-ACF65540254B}.Release|Any CPU.ActiveCfg = Release|Any CPU
		{94B8A073-784F-4F7C-B2A7-ACF65540254B}.Release|Any CPU.Build.0 = Release|Any CPU
	EndGlobalSection
	GlobalSection(SolutionProperties) = preSolution
		HideSolutionNode = FALSE
	EndGlobalSection
	GlobalSection(ExtensibilityGlobals) = postSolution
		SolutionGuid = {44A5C804-FE06-40D4-9F97-0880CE613B39}
	EndGlobalSection
EndGlobal
